{
  "name": "ts-command-line-tool",
  "version": "1.0.0",
  "lockfileVersion": 1,
  "requires": true,
  "dependencies": {
    "@types/node": {
      "version": "11.9.4",
      "resolved": "http://registry.npm.taobao.org/@types/node/download/@types/node-11.9.4.tgz",
      "integrity": "sha1-zrAEilRttFP2JI8tHZXpN6bwChQ=",
      "dev": true
    }
  }
}
